{
  "nodes": {
    "nixpkgs": {
      "locked": {
        "lastModified": 1662823742,
        "narHash": "sha256-A6KsRWMAQff99sZYF7m9xj74a2ye/DdmRGCamqsP5LM=",
        "owner": "newAM",
        "repo": "nixpkgs",
        "rev": "b0cf8efb0b640c7083315020306968c6785e6ad5",
        "type": "github"
      },
      "original": {
        "owner": "newAM",
        "ref": "rustc-fix-embedded",
        "repo": "nixpkgs",
        "type": "github"
      }
    },
    "root": {
      "inputs": {
        "nixpkgs": "nixpkgs"
      }
    }
  },
  "root": "root",
  "version": 7
}
