{
  "nodes": {
    "nixpkgs": {
      "locked": {
        "lastModified": 1662830992,
        "narHash": "sha256-NXDm5fqkzZ6DVC61r8VYvrBfGcTdbRN3/bmFciZPMH4=",
        "owner": "newAM",
        "repo": "nixpkgs",
        "rev": "19e93d1acf237233c09103cca5b8f2df0144174b",
        "type": "github"
      },
      "original": {
        "owner": "newAM",
        "ref": "rustc-fix-embedded",
        "repo": "nixpkgs",
        "type": "github"
      }
    },
    "root": {
      "inputs": {
        "nixpkgs": "nixpkgs"
      }
    }
  },
  "root": "root",
  "version": 7
}
